
Microsoft Visual Studio Solution File, Format Version 12.00
# Visual Studio Version 17
VisualStudioVersion = 17.0.31903.59
MinimumVisualStudioVersion = 10.0.40219.1
Project("{FAE04EC0-301F-11D3-BF4B-00C04F79EFBC}") = "ConsoleClass1", "Console\ConsoleClass1.csproj", "{659040DC-2790-4E74-BC0A-B54669F35E62}"
EndProject
Project("{2150E333-8FDC-42A3-9474-1A3956D46DE8}") = "Solution Items", "Solution Items", "{67D61331-3F91-4751-95A4-9A0BD767ADDB}"
	ProjectSection(SolutionItems) = preProject
		Definations.txt = Definations.txt
	EndProjectSection
EndProject
Project("{FAE04EC0-301F-11D3-BF4B-00C04F79EFBC}") = "Litreals", "Litreals\Litreals.csproj", "{3B928ED3-3B1A-40EC-8B2F-49372536DEED}"
EndProject
Project("{FAE04EC0-301F-11D3-BF4B-00C04F79EFBC}") = "TypeCasting", "TypeCasting\TypeCasting.csproj", "{21BA3FB2-0EC2-4D19-9556-35F0E271BC55}"
EndProject
Project("{FAE04EC0-301F-11D3-BF4B-00C04F79EFBC}") = "Operators", "Operators\Operators.csproj", "{23757F8E-4909-49FE-84F0-F1C240380F04}"
EndProject
Project("{FAE04EC0-301F-11D3-BF4B-00C04F79EFBC}") = "Practice_Durga", "Practice_Durga\Practice_Durga.csproj", "{D03CD568-835F-4B0A-A47B-0CBD8FEDDB6D}"
EndProject
Project("{FAE04EC0-301F-11D3-BF4B-00C04F79EFBC}") = "FunctionsDemo", "FunctionsDemo\FunctionsDemo.csproj", "{C847880D-E25E-4EB5-8A22-E0130496C2A1}"
EndProject
Project("{FAE04EC0-301F-11D3-BF4B-00C04F79EFBC}") = "SimpleBankingSystem_Functions", "SimpleBankingSystem_Functions\SimpleBankingSystem_Functions.csproj", "{62146887-513A-4F9A-A17D-FF2FB3692E41}"
EndProject
Project("{FAE04EC0-301F-11D3-BF4B-00C04F79EFBC}") = "StringsDemo", "Strings\StringsDemo.csproj", "{91718426-5A65-4F1A-8133-3465BD8C3F4F}"
EndProject
Project("{FAE04EC0-301F-11D3-BF4B-00C04F79EFBC}") = "TypesOfVariables", "TypesOfVariables\TypesOfVariables.csproj", "{C9A7D540-6C59-405D-B106-EF7B5A006BAF}"
EndProject
Project("{FAE04EC0-301F-11D3-BF4B-00C04F79EFBC}") = "BoxingUnboxing", "BoxingUnboxing\BoxingUnboxing.csproj", "{60E2B340-222C-4D17-86FE-C81C9C1FCCFA}"
EndProject
Project("{FAE04EC0-301F-11D3-BF4B-00C04F79EFBC}") = "OopsDemo", "OopsDemo\OopsDemo.csproj", "{F9812A76-1AEE-4026-8779-39F99B28A696}"
EndProject
Project("{FAE04EC0-301F-11D3-BF4B-00C04F79EFBC}") = "ConstructorDemo", "ConstructorDemo\ConstructorDemo.csproj", "{1D7C9529-CACE-4874-9AC1-2DA79D06AF57}"
EndProject
Project("{FAE04EC0-301F-11D3-BF4B-00C04F79EFBC}") = "StaticDemo", "StaticDemo\StaticDemo.csproj", "{43BF54D8-319A-4E88-8B04-B78850FDB121}"
EndProject
Project("{FAE04EC0-301F-11D3-BF4B-00C04F79EFBC}") = "DestructorDemo", "DestructorDemo\DestructorDemo.csproj", "{3CCACE2B-3FE7-4B18-BC3C-BC2FDD2B732E}"
EndProject
Project("{FAE04EC0-301F-11D3-BF4B-00C04F79EFBC}") = "AccessSpecifiersDemo", "AccessSpecifiersDemo\AccessSpecifiersDemo.csproj", "{7A90A09A-08C9-4B7D-9CA0-85E0BFDAEB84}"
EndProject
Project("{FAE04EC0-301F-11D3-BF4B-00C04F79EFBC}") = "EncapsulationDemo", "EncapsulationDemo\EncapsulationDemo.csproj", "{7A8F8491-0E67-47EC-9995-D06391330757}"
EndProject
Project("{FAE04EC0-301F-11D3-BF4B-00C04F79EFBC}") = "InheritanceDemo", "InheritanceDemo\InheritanceDemo.csproj", "{C01C0A97-7804-4BE7-944D-AC41113731F0}"
EndProject
Global
	GlobalSection(SolutionConfigurationPlatforms) = preSolution
		Debug|Any CPU = Debug|Any CPU
		Release|Any CPU = Release|Any CPU
	EndGlobalSection
	GlobalSection(ProjectConfigurationPlatforms) = postSolution
		{659040DC-2790-4E74-BC0A-B54669F35E62}.Debug|Any CPU.ActiveCfg = Debug|Any CPU
		{659040DC-2790-4E74-BC0A-B54669F35E62}.Debug|Any CPU.Build.0 = Debug|Any CPU
		{659040DC-2790-4E74-BC0A-B54669F35E62}.Release|Any CPU.ActiveCfg = Release|Any CPU
		{659040DC-2790-4E74-BC0A-B54669F35E62}.Release|Any CPU.Build.0 = Release|Any CPU
		{3B928ED3-3B1A-40EC-8B2F-49372536DEED}.Debug|Any CPU.ActiveCfg = Debug|Any CPU
		{3B928ED3-3B1A-40EC-8B2F-49372536DEED}.Debug|Any CPU.Build.0 = Debug|Any CPU
		{3B928ED3-3B1A-40EC-8B2F-49372536DEED}.Release|Any CPU.ActiveCfg = Release|Any CPU
		{3B928ED3-3B1A-40EC-8B2F-49372536DEED}.Release|Any CPU.Build.0 = Release|Any CPU
		{21BA3FB2-0EC2-4D19-9556-35F0E271BC55}.Debug|Any CPU.ActiveCfg = Debug|Any CPU
		{21BA3FB2-0EC2-4D19-9556-35F0E271BC55}.Debug|Any CPU.Build.0 = Debug|Any CPU
		{21BA3FB2-0EC2-4D19-9556-35F0E271BC55}.Release|Any CPU.ActiveCfg = Release|Any CPU
		{21BA3FB2-0EC2-4D19-9556-35F0E271BC55}.Release|Any CPU.Build.0 = Release|Any CPU
		{23757F8E-4909-49FE-84F0-F1C240380F04}.Debug|Any CPU.ActiveCfg = Debug|Any CPU
		{23757F8E-4909-49FE-84F0-F1C240380F04}.Debug|Any CPU.Build.0 = Debug|Any CPU
		{23757F8E-4909-49FE-84F0-F1C240380F04}.Release|Any CPU.ActiveCfg = Release|Any CPU
		{23757F8E-4909-49FE-84F0-F1C240380F04}.Release|Any CPU.Build.0 = Release|Any CPU
		{D03CD568-835F-4B0A-A47B-0CBD8FEDDB6D}.Debug|Any CPU.ActiveCfg = Debug|Any CPU
		{D03CD568-835F-4B0A-A47B-0CBD8FEDDB6D}.Debug|Any CPU.Build.0 = Debug|Any CPU
		{D03CD568-835F-4B0A-A47B-0CBD8FEDDB6D}.Release|Any CPU.ActiveCfg = Release|Any CPU
		{D03CD568-835F-4B0A-A47B-0CBD8FEDDB6D}.Release|Any CPU.Build.0 = Release|Any CPU
		{C847880D-E25E-4EB5-8A22-E0130496C2A1}.Debug|Any CPU.ActiveCfg = Debug|Any CPU
		{C847880D-E25E-4EB5-8A22-E0130496C2A1}.Debug|Any CPU.Build.0 = Debug|Any CPU
		{C847880D-E25E-4EB5-8A22-E0130496C2A1}.Release|Any CPU.ActiveCfg = Release|Any CPU
		{C847880D-E25E-4EB5-8A22-E0130496C2A1}.Release|Any CPU.Build.0 = Release|Any CPU
		{62146887-513A-4F9A-A17D-FF2FB3692E41}.Debug|Any CPU.ActiveCfg = Debug|Any CPU
		{62146887-513A-4F9A-A17D-FF2FB3692E41}.Debug|Any CPU.Build.0 = Debug|Any CPU
		{62146887-513A-4F9A-A17D-FF2FB3692E41}.Release|Any CPU.ActiveCfg = Release|Any CPU
		{62146887-513A-4F9A-A17D-FF2FB3692E41}.Release|Any CPU.Build.0 = Release|Any CPU
		{91718426-5A65-4F1A-8133-3465BD8C3F4F}.Debug|Any CPU.ActiveCfg = Debug|Any CPU
		{91718426-5A65-4F1A-8133-3465BD8C3F4F}.Debug|Any CPU.Build.0 = Debug|Any CPU
		{91718426-5A65-4F1A-8133-3465BD8C3F4F}.Release|Any CPU.ActiveCfg = Release|Any CPU
		{91718426-5A65-4F1A-8133-3465BD8C3F4F}.Release|Any CPU.Build.0 = Release|Any CPU
		{C9A7D540-6C59-405D-B106-EF7B5A006BAF}.Debug|Any CPU.ActiveCfg = Debug|Any CPU
		{C9A7D540-6C59-405D-B106-EF7B5A006BAF}.Debug|Any CPU.Build.0 = Debug|Any CPU
		{C9A7D540-6C59-405D-B106-EF7B5A006BAF}.Release|Any CPU.ActiveCfg = Release|Any CPU
		{C9A7D540-6C59-405D-B106-EF7B5A006BAF}.Release|Any CPU.Build.0 = Release|Any CPU
		{60E2B340-222C-4D17-86FE-C81C9C1FCCFA}.Debug|Any CPU.ActiveCfg = Debug|Any CPU
		{60E2B340-222C-4D17-86FE-C81C9C1FCCFA}.Debug|Any CPU.Build.0 = Debug|Any CPU
		{60E2B340-222C-4D17-86FE-C81C9C1FCCFA}.Release|Any CPU.ActiveCfg = Release|Any CPU
		{60E2B340-222C-4D17-86FE-C81C9C1FCCFA}.Release|Any CPU.Build.0 = Release|Any CPU
		{F9812A76-1AEE-4026-8779-39F99B28A696}.Debug|Any CPU.ActiveCfg = Debug|Any CPU
		{F9812A76-1AEE-4026-8779-39F99B28A696}.Debug|Any CPU.Build.0 = Debug|Any CPU
		{F9812A76-1AEE-4026-8779-39F99B28A696}.Release|Any CPU.ActiveCfg = Release|Any CPU
		{F9812A76-1AEE-4026-8779-39F99B28A696}.Release|Any CPU.Build.0 = Release|Any CPU
		{1D7C9529-CACE-4874-9AC1-2DA79D06AF57}.Debug|Any CPU.ActiveCfg = Debug|Any CPU
		{1D7C9529-CACE-4874-9AC1-2DA79D06AF57}.Debug|Any CPU.Build.0 = Debug|Any CPU
		{1D7C9529-CACE-4874-9AC1-2DA79D06AF57}.Release|Any CPU.ActiveCfg = Release|Any CPU
		{1D7C9529-CACE-4874-9AC1-2DA79D06AF57}.Release|Any CPU.Build.0 = Release|Any CPU
		{43BF54D8-319A-4E88-8B04-B78850FDB121}.Debug|Any CPU.ActiveCfg = Debug|Any CPU
		{43BF54D8-319A-4E88-8B04-B78850FDB121}.Debug|Any CPU.Build.0 = Debug|Any CPU
		{43BF54D8-319A-4E88-8B04-B78850FDB121}.Release|Any CPU.ActiveCfg = Release|Any CPU
		{43BF54D8-319A-4E88-8B04-B78850FDB121}.Release|Any CPU.Build.0 = Release|Any CPU
		{3CCACE2B-3FE7-4B18-BC3C-BC2FDD2B732E}.Debug|Any CPU.ActiveCfg = Debug|Any CPU
		{3CCACE2B-3FE7-4B18-BC3C-BC2FDD2B732E}.Debug|Any CPU.Build.0 = Debug|Any CPU
		{3CCACE2B-3FE7-4B18-BC3C-BC2FDD2B732E}.Release|Any CPU.ActiveCfg = Release|Any CPU
		{3CCACE2B-3FE7-4B18-BC3C-BC2FDD2B732E}.Release|Any CPU.Build.0 = Release|Any CPU
		{7A90A09A-08C9-4B7D-9CA0-85E0BFDAEB84}.Debug|Any CPU.ActiveCfg = Debug|Any CPU
		{7A90A09A-08C9-4B7D-9CA0-85E0BFDAEB84}.Debug|Any CPU.Build.0 = Debug|Any CPU
		{7A90A09A-08C9-4B7D-9CA0-85E0BFDAEB84}.Release|Any CPU.ActiveCfg = Release|Any CPU
		{7A90A09A-08C9-4B7D-9CA0-85E0BFDAEB84}.Release|Any CPU.Build.0 = Release|Any CPU
		{7A8F8491-0E67-47EC-9995-D06391330757}.Debug|Any CPU.ActiveCfg = Debug|Any CPU
		{7A8F8491-0E67-47EC-9995-D06391330757}.Debug|Any CPU.Build.0 = Debug|Any CPU
		{7A8F8491-0E67-47EC-9995-D06391330757}.Release|Any CPU.ActiveCfg = Release|Any CPU
		{7A8F8491-0E67-47EC-9995-D06391330757}.Release|Any CPU.Build.0 = Release|Any CPU
		{C01C0A97-7804-4BE7-944D-AC41113731F0}.Debug|Any CPU.ActiveCfg = Debug|Any CPU
		{C01C0A97-7804-4BE7-944D-AC41113731F0}.Debug|Any CPU.Build.0 = Debug|Any CPU
		{C01C0A97-7804-4BE7-944D-AC41113731F0}.Release|Any CPU.ActiveCfg = Release|Any CPU
		{C01C0A97-7804-4BE7-944D-AC41113731F0}.Release|Any CPU.Build.0 = Release|Any CPU
	EndGlobalSection
	GlobalSection(SolutionProperties) = preSolution
		HideSolutionNode = FALSE
	EndGlobalSection
	GlobalSection(ExtensibilityGlobals) = postSolution
		SolutionGuid = {74B59CB5-BDBE-438A-AE94-449CFCECDA55}
	EndGlobalSection
EndGlobal
